
Microsoft Visual Studio Solution File, Format Version 12.00
# Visual Studio Version 17
VisualStudioVersion = 17.13.35913.81 d17.13
MinimumVisualStudioVersion = 10.0.40219.1
Project("{FAE04EC0-301F-11D3-BF4B-00C04F79EFBC}") = "PreparationDotNet", "PreparationDotNet\PreparationDotNet.csproj", "{28225649-5D1D-42FF-B43C-C8C8C5640413}"
EndProject
Global
	GlobalSection(SolutionConfigurationPlatforms) = preSolution
		Debug|Any CPU = Debug|Any CPU
		Release|Any CPU = Release|Any CPU
	EndGlobalSection
	GlobalSection(ProjectConfigurationPlatforms) = postSolution
		{28225649-5D1D-42FF-B43C-C8C8C5640413}.Debug|Any CPU.ActiveCfg = Debug|Any CPU
		{28225649-5D1D-42FF-B43C-C8C8C5640413}.Debug|Any CPU.Build.0 = Debug|Any CPU
		{28225649-5D1D-42FF-B43C-C8C8C5640413}.Release|Any CPU.ActiveCfg = Release|Any CPU
		{28225649-5D1D-42FF-B43C-C8C8C5640413}.Release|Any CPU.Build.0 = Release|Any CPU
	EndGlobalSection
	GlobalSection(SolutionProperties) = preSolution
		HideSolutionNode = FALSE
	EndGlobalSection
	GlobalSection(ExtensibilityGlobals) = postSolution
		SolutionGuid = {5D3251AE-CF1F-4994-BC5C-D0F865386D42}
	EndGlobalSection
EndGlobal
